{
  "name": "js_tutorial",
  "lockfileVersion": 2,
  "requires": true,
  "packages": {
    "": {
      "dependencies": {
        "chimph-palindrome": "^0.1.0"
      }
    },
    "node_modules/chimph-palindrome": {
      "version": "0.1.0",
      "resolved": "https://registry.npmjs.org/chimph-palindrome/-/chimph-palindrome-0.1.0.tgz",
      "integrity": "sha512-GRncWv/FxN9PfLWebtsNtAvTdjkxShuHTNtOgEzgFK5ehmoQgEb4SvZoo/2zarh3I+SwNuefy5N86WLdOdGF0w=="
    }
  },
  "dependencies": {
    "chimph-palindrome": {
      "version": "0.1.0",
      "resolved": "https://registry.npmjs.org/chimph-palindrome/-/chimph-palindrome-0.1.0.tgz",
      "integrity": "sha512-GRncWv/FxN9PfLWebtsNtAvTdjkxShuHTNtOgEzgFK5ehmoQgEb4SvZoo/2zarh3I+SwNuefy5N86WLdOdGF0w=="
    }
  }
}
